
Microsoft Visual Studio Solution File, Format Version 12.00
# Visual Studio 14
VisualStudioVersion = 14.0.24720.0
MinimumVisualStudioVersion = 10.0.40219.1
Project("{8BB2217D-0F2D-49D1-97BC-3654ED321F3B}") = "ObscureDesign.Web", "ObscureDesign.Web\ObscureDesign.Web.xproj", "{7447FE9A-306D-4DAE-954C-4CF31AEC9C23}"
EndProject
Project("{8BB2217D-0F2D-49D1-97BC-3654ED321F3B}") = "ObscureDesign.Data", "ObscureDesign.Data\ObscureDesign.Data.xproj", "{61A39CFD-A06C-4696-AFCC-5CF8B9EF6C5D}"
EndProject
Project("{8BB2217D-0F2D-49D1-97BC-3654ED321F3B}") = "ObscureDesign.Management", "ObscureDesign.Management\ObscureDesign.Management.xproj", "{93CD5312-3B51-4A00-8640-12CE76E77A89}"
EndProject
Global
	GlobalSection(SolutionConfigurationPlatforms) = preSolution
		Debug|Any CPU = Debug|Any CPU
		Release|Any CPU = Release|Any CPU
	EndGlobalSection
	GlobalSection(ProjectConfigurationPlatforms) = postSolution
		{7447FE9A-306D-4DAE-954C-4CF31AEC9C23}.Debug|Any CPU.ActiveCfg = Debug|Any CPU
		{7447FE9A-306D-4DAE-954C-4CF31AEC9C23}.Debug|Any CPU.Build.0 = Debug|Any CPU
		{7447FE9A-306D-4DAE-954C-4CF31AEC9C23}.Release|Any CPU.ActiveCfg = Release|Any CPU
		{7447FE9A-306D-4DAE-954C-4CF31AEC9C23}.Release|Any CPU.Build.0 = Release|Any CPU
		{61A39CFD-A06C-4696-AFCC-5CF8B9EF6C5D}.Debug|Any CPU.ActiveCfg = Debug|Any CPU
		{61A39CFD-A06C-4696-AFCC-5CF8B9EF6C5D}.Debug|Any CPU.Build.0 = Debug|Any CPU
		{61A39CFD-A06C-4696-AFCC-5CF8B9EF6C5D}.Release|Any CPU.ActiveCfg = Release|Any CPU
		{61A39CFD-A06C-4696-AFCC-5CF8B9EF6C5D}.Release|Any CPU.Build.0 = Release|Any CPU
		{93CD5312-3B51-4A00-8640-12CE76E77A89}.Debug|Any CPU.ActiveCfg = Debug|Any CPU
		{93CD5312-3B51-4A00-8640-12CE76E77A89}.Debug|Any CPU.Build.0 = Debug|Any CPU
		{93CD5312-3B51-4A00-8640-12CE76E77A89}.Release|Any CPU.ActiveCfg = Release|Any CPU
		{93CD5312-3B51-4A00-8640-12CE76E77A89}.Release|Any CPU.Build.0 = Release|Any CPU
	EndGlobalSection
	GlobalSection(SolutionProperties) = preSolution
		HideSolutionNode = FALSE
	EndGlobalSection
EndGlobal
